
Microsoft Visual Studio Solution File, Format Version 12.00
# Visual Studio Version 16
VisualStudioVersion = 16.0.30621.155
MinimumVisualStudioVersion = 10.0.40219.1
Project("{FAE04EC0-301F-11D3-BF4B-00C04F79EFBC}") = "Final Project", "Final Project\Final Project.csproj", "{679A1DDC-8D82-4D2B-84A7-09AC9ACAEEE0}"
EndProject
Global
	GlobalSection(SolutionConfigurationPlatforms) = preSolution
		Debug|Any CPU = Debug|Any CPU
		Release|Any CPU = Release|Any CPU
	EndGlobalSection
	GlobalSection(ProjectConfigurationPlatforms) = postSolution
		{679A1DDC-8D82-4D2B-84A7-09AC9ACAEEE0}.Debug|Any CPU.ActiveCfg = Debug|Any CPU
		{679A1DDC-8D82-4D2B-84A7-09AC9ACAEEE0}.Debug|Any CPU.Build.0 = Debug|Any CPU
		{679A1DDC-8D82-4D2B-84A7-09AC9ACAEEE0}.Release|Any CPU.ActiveCfg = Release|Any CPU
		{679A1DDC-8D82-4D2B-84A7-09AC9ACAEEE0}.Release|Any CPU.Build.0 = Release|Any CPU
	EndGlobalSection
	GlobalSection(SolutionProperties) = preSolution
		HideSolutionNode = FALSE
	EndGlobalSection
	GlobalSection(ExtensibilityGlobals) = postSolution
		SolutionGuid = {25D1A294-B3A7-4816-B6DA-E54BFC04911D}
	EndGlobalSection
EndGlobal
